
Microsoft Visual Studio Solution File, Format Version 12.00
# Visual Studio Version 16
VisualStudioVersion = 16.0.29905.134
MinimumVisualStudioVersion = 10.0.40219.1
Project("{FAE04EC0-301F-11D3-BF4B-00C04F79EFBC}") = "Tutorials", "Tutorials\Tutorials.csproj", "{15E72575-0B0E-4E54-B54D-C279A7BA4D53}"
EndProject
Global
	GlobalSection(SolutionConfigurationPlatforms) = preSolution
		Debug|Any CPU = Debug|Any CPU
		Release|Any CPU = Release|Any CPU
	EndGlobalSection
	GlobalSection(ProjectConfigurationPlatforms) = postSolution
		{15E72575-0B0E-4E54-B54D-C279A7BA4D53}.Debug|Any CPU.ActiveCfg = Debug|Any CPU
		{15E72575-0B0E-4E54-B54D-C279A7BA4D53}.Debug|Any CPU.Build.0 = Debug|Any CPU
		{15E72575-0B0E-4E54-B54D-C279A7BA4D53}.Release|Any CPU.ActiveCfg = Release|Any CPU
		{15E72575-0B0E-4E54-B54D-C279A7BA4D53}.Release|Any CPU.Build.0 = Release|Any CPU
	EndGlobalSection
	GlobalSection(SolutionProperties) = preSolution
		HideSolutionNode = FALSE
	EndGlobalSection
	GlobalSection(ExtensibilityGlobals) = postSolution
		SolutionGuid = {7E6FF2B2-94A8-4A06-A0FC-F4E788480E44}
	EndGlobalSection
EndGlobal
